
Microsoft Visual Studio Solution File, Format Version 12.00
# Visual Studio Version 17
VisualStudioVersion = 17.9.34728.123
MinimumVisualStudioVersion = 10.0.40219.1
Project("{FAE04EC0-301F-11D3-BF4B-00C04F79EFBC}") = "YunusEmreUludağ_215040040_Midterm_GameProgramming2", "YunusEmreUludağ_215040040_Midterm_GameProgramming2.csproj", "{BFBFE524-7227-4529-9D52-886A1A8025A1}"
EndProject
Global
	GlobalSection(SolutionConfigurationPlatforms) = preSolution
		Debug|Any CPU = Debug|Any CPU
		Release|Any CPU = Release|Any CPU
	EndGlobalSection
	GlobalSection(ProjectConfigurationPlatforms) = postSolution
		{BFBFE524-7227-4529-9D52-886A1A8025A1}.Debug|Any CPU.ActiveCfg = Debug|Any CPU
		{BFBFE524-7227-4529-9D52-886A1A8025A1}.Debug|Any CPU.Build.0 = Debug|Any CPU
		{BFBFE524-7227-4529-9D52-886A1A8025A1}.Release|Any CPU.ActiveCfg = Release|Any CPU
		{BFBFE524-7227-4529-9D52-886A1A8025A1}.Release|Any CPU.Build.0 = Release|Any CPU
	EndGlobalSection
	GlobalSection(SolutionProperties) = preSolution
		HideSolutionNode = FALSE
	EndGlobalSection
	GlobalSection(ExtensibilityGlobals) = postSolution
		SolutionGuid = {20DD4BDA-0159-4605-AFFA-4BEB0297B91D}
	EndGlobalSection
EndGlobal
